// !$*UTF8*$!
{
	archiveVersion = 1;
	classes = {
	};
	objectVersion = 46;
	objects = {

/* Begin PBXBuildFile section */
		600AE7F11AE2C6C60017C97F /* AGTCoreDataTableViewController.m in Sources */ = {isa = PBXBuildFile; fileRef = 600AE7F01AE2C6C60017C97F /* AGTCoreDataTableViewController.m */; };
		600AE7F41AE2C8820017C97F /* LMTBooksTableViewController.m in Sources */ = {isa = PBXBuildFile; fileRef = 600AE7F31AE2C8820017C97F /* LMTBooksTableViewController.m */; };
		600AE8091AE30C040017C97F /* LMTBookViewController.m in Sources */ = {isa = PBXBuildFile; fileRef = 600AE8061AE30C040017C97F /* LMTBookViewController.m */; };
		600AE80A1AE30C040017C97F /* LMTBookViewController.xib in Resources */ = {isa = PBXBuildFile; fileRef = 600AE8071AE30C040017C97F /* LMTBookViewController.xib */; };
		600AE80B1AE30C040017C97F /* LMTBookViewControlleriPhone.xib in Resources */ = {isa = PBXBuildFile; fileRef = 600AE8081AE30C040017C97F /* LMTBookViewControlleriPhone.xib */; };
		605BAECB1ADE56E200030015 /* Model.xcdatamodeld in Sources */ = {isa = PBXBuildFile; fileRef = 605BAEC91ADE56E200030015 /* Model.xcdatamodeld */; };
		605BAECE1ADE817B00030015 /* AGTCoreDataStack.m in Sources */ = {isa = PBXBuildFile; fileRef = 605BAECD1ADE817B00030015 /* AGTCoreDataStack.m */; };
		605BAEDE1ADE8A8600030015 /* _LMTAnnotation.m in Sources */ = {isa = PBXBuildFile; fileRef = 605BAED11ADE8A8600030015 /* _LMTAnnotation.m */; };
		605BAEDF1ADE8A8600030015 /* _LMTAuthor.m in Sources */ = {isa = PBXBuildFile; fileRef = 605BAED31ADE8A8600030015 /* _LMTAuthor.m */; };
		605BAEE01ADE8A8600030015 /* _LMTBook.m in Sources */ = {isa = PBXBuildFile; fileRef = 605BAED51ADE8A8600030015 /* _LMTBook.m */; };
		605BAEE11ADE8A8600030015 /* _LMTLocalization.m in Sources */ = {isa = PBXBuildFile; fileRef = 605BAED71ADE8A8600030015 /* _LMTLocalization.m */; };
		605BAEE21ADE8A8600030015 /* _LMTPDF.m in Sources */ = {isa = PBXBuildFile; fileRef = 605BAED91ADE8A8600030015 /* _LMTPDF.m */; };
		605BAEE31ADE8A8600030015 /* _LMTPhoto.m in Sources */ = {isa = PBXBuildFile; fileRef = 605BAEDB1ADE8A8600030015 /* _LMTPhoto.m */; };
		605BAEE41ADE8A8600030015 /* _LMTTag.m in Sources */ = {isa = PBXBuildFile; fileRef = 605BAEDD1ADE8A8600030015 /* _LMTTag.m */; };
		605BAEF21ADE8AE000030015 /* LMTAnnotation.m in Sources */ = {isa = PBXBuildFile; fileRef = 605BAEE71ADE8AE000030015 /* LMTAnnotation.m */; };
		605BAEF31ADE8AE000030015 /* LMTAuthor.m in Sources */ = {isa = PBXBuildFile; fileRef = 605BAEE91ADE8AE000030015 /* LMTAuthor.m */; };
		605BAEF41ADE8AE000030015 /* LMTLocalization.m in Sources */ = {isa = PBXBuildFile; fileRef = 605BAEEB1ADE8AE000030015 /* LMTLocalization.m */; };
		605BAEF51ADE8AE000030015 /* LMTPDF.m in Sources */ = {isa = PBXBuildFile; fileRef = 605BAEED1ADE8AE000030015 /* LMTPDF.m */; };
		605BAEF61ADE8AE000030015 /* LMTPhoto.m in Sources */ = {isa = PBXBuildFile; fileRef = 605BAEEF1ADE8AE000030015 /* LMTPhoto.m */; };
		605BAEF71ADE8AE000030015 /* LMTTag.m in Sources */ = {isa = PBXBuildFile; fileRef = 605BAEF11ADE8AE000030015 /* LMTTag.m */; };
		6071700D1AEC02FA0062AC9E /* LMTAnnotationViewController.m in Sources */ = {isa = PBXBuildFile; fileRef = 6071700B1AEC02FA0062AC9E /* LMTAnnotationViewController.m */; };
		6071700E1AEC02FA0062AC9E /* LMTAnnotationViewController.xib in Resources */ = {isa = PBXBuildFile; fileRef = 6071700C1AEC02FA0062AC9E /* LMTAnnotationViewController.xib */; };
		607170171AEC1C530062AC9E /* LMTAnnotationsViewController.m in Sources */ = {isa = PBXBuildFile; fileRef = 607170161AEC1C530062AC9E /* LMTAnnotationsViewController.m */; };
		6085BE4E1AEC5495003F285A /* No_Image_Available.png in Resources */ = {isa = PBXBuildFile; fileRef = 6085BE4D1AEC5495003F285A /* No_Image_Available.png */; };
		6085BE521AEC5896003F285A /* LMTPhotoViewController.m in Sources */ = {isa = PBXBuildFile; fileRef = 6085BE501AEC5896003F285A /* LMTPhotoViewController.m */; };
		6085BE531AEC5896003F285A /* LMTPhotoViewController.xib in Resources */ = {isa = PBXBuildFile; fileRef = 6085BE511AEC5896003F285A /* LMTPhotoViewController.xib */; };
		60BDED9F1ADC3C4B00F594D3 /* main.m in Sources */ = {isa = PBXBuildFile; fileRef = 60BDED9E1ADC3C4B00F594D3 /* main.m */; };
		60BDEDA21ADC3C4B00F594D3 /* AppDelegate.m in Sources */ = {isa = PBXBuildFile; fileRef = 60BDEDA11ADC3C4B00F594D3 /* AppDelegate.m */; };
		60BDEDA41ADC3C4B00F594D3 /* Images.xcassets in Resources */ = {isa = PBXBuildFile; fileRef = 60BDEDA31ADC3C4B00F594D3 /* Images.xcassets */; };
		60BDEDA71ADC3C4B00F594D3 /* LaunchScreen.xib in Resources */ = {isa = PBXBuildFile; fileRef = 60BDEDA51ADC3C4B00F594D3 /* LaunchScreen.xib */; };
		60BDEDB31ADC3C4B00F594D3 /* HackerBooks2Tests.m in Sources */ = {isa = PBXBuildFile; fileRef = 60BDEDB21ADC3C4B00F594D3 /* HackerBooks2Tests.m */; };
		60BDEDD21ADC3C9F00F594D3 /* LMTBook.m in Sources */ = {isa = PBXBuildFile; fileRef = 60BDEDCC1ADC3C9F00F594D3 /* LMTBook.m */; };
		60BDEDD31ADC3C9F00F594D3 /* LMTBookTableViewCell.m in Sources */ = {isa = PBXBuildFile; fileRef = 60BDEDCE1ADC3C9F00F594D3 /* LMTBookTableViewCell.m */; };
		60BDEDD41ADC3C9F00F594D3 /* LMTBookTableViewCell.xib in Resources */ = {isa = PBXBuildFile; fileRef = 60BDEDCF1ADC3C9F00F594D3 /* LMTBookTableViewCell.xib */; };
		60BDEDD71ADC3CB400F594D3 /* book_icon.png in Resources */ = {isa = PBXBuildFile; fileRef = 60BDEDD61ADC3CB400F594D3 /* book_icon.png */; };
		60C400681AE3BDB4008FC8A7 /* LMTSimplePDFViewController.m in Sources */ = {isa = PBXBuildFile; fileRef = 60C400661AE3BDB4008FC8A7 /* LMTSimplePDFViewController.m */; };
		60C400691AE3BDB4008FC8A7 /* LMTSimplePDFViewController.xib in Resources */ = {isa = PBXBuildFile; fileRef = 60C400671AE3BDB4008FC8A7 /* LMTSimplePDFViewController.xib */; };
/* End PBXBuildFile section */

/* Begin PBXContainerItemProxy section */
		60BDEDAD1ADC3C4B00F594D3 /* PBXContainerItemProxy */ = {
			isa = PBXContainerItemProxy;
			containerPortal = 60BDED911ADC3C4B00F594D3 /* Project object */;
			proxyType = 1;
			remoteGlobalIDString = 60BDED981ADC3C4B00F594D3;
			remoteInfo = HackerBooks2;
		};
/* End PBXContainerItemProxy section */

/* Begin PBXFileReference section */
		600AE7EF1AE2C6C60017C97F /* AGTCoreDataTableViewController.h */ = {isa = PBXFileReference; fileEncoding = 4; lastKnownFileType = sourcecode.c.h; path = AGTCoreDataTableViewController.h; sourceTree = "<group>"; };
		600AE7F01AE2C6C60017C97F /* AGTCoreDataTableViewController.m */ = {isa = PBXFileReference; fileEncoding = 4; lastKnownFileType = sourcecode.c.objc; path = AGTCoreDataTableViewController.m; sourceTree = "<group>"; };
		600AE7F21AE2C8820017C97F /* LMTBooksTableViewController.h */ = {isa = PBXFileReference; fileEncoding = 4; lastKnownFileType = sourcecode.c.h; path = LMTBooksTableViewController.h; sourceTree = "<group>"; };
		600AE7F31AE2C8820017C97F /* LMTBooksTableViewController.m */ = {isa = PBXFileReference; fileEncoding = 4; lastKnownFileType = sourcecode.c.objc; path = LMTBooksTableViewController.m; sourceTree = "<group>"; };
		600AE8051AE30C040017C97F /* LMTBookViewController.h */ = {isa = PBXFileReference; fileEncoding = 4; lastKnownFileType = sourcecode.c.h; path = LMTBookViewController.h; sourceTree = "<group>"; };
		600AE8061AE30C040017C97F /* LMTBookViewController.m */ = {isa = PBXFileReference; fileEncoding = 4; lastKnownFileType = sourcecode.c.objc; path = LMTBookViewController.m; sourceTree = "<group>"; };
		600AE8071AE30C040017C97F /* LMTBookViewController.xib */ = {isa = PBXFileReference; fileEncoding = 4; lastKnownFileType = file.xib; path = LMTBookViewController.xib; sourceTree = "<group>"; };
		600AE8081AE30C040017C97F /* LMTBookViewControlleriPhone.xib */ = {isa = PBXFileReference; fileEncoding = 4; lastKnownFileType = file.xib; path = LMTBookViewControlleriPhone.xib; sourceTree = "<group>"; };
		605BAECA1ADE56E200030015 /* Model.xcdatamodel */ = {isa = PBXFileReference; lastKnownFileType = wrapper.xcdatamodel; path = Model.xcdatamodel; sourceTree = "<group>"; };
		605BAECC1ADE817B00030015 /* AGTCoreDataStack.h */ = {isa = PBXFileReference; fileEncoding = 4; lastKnownFileType = sourcecode.c.h; path = AGTCoreDataStack.h; sourceTree = "<group>"; };
		605BAECD1ADE817B00030015 /* AGTCoreDataStack.m */ = {isa = PBXFileReference; fileEncoding = 4; lastKnownFileType = sourcecode.c.objc; path = AGTCoreDataStack.m; sourceTree = "<group>"; };
		605BAED01ADE8A8600030015 /* _LMTAnnotation.h */ = {isa = PBXFileReference; fileEncoding = 4; lastKnownFileType = sourcecode.c.h; path = _LMTAnnotation.h; sourceTree = "<group>"; };
		605BAED11ADE8A8600030015 /* _LMTAnnotation.m */ = {isa = PBXFileReference; fileEncoding = 4; lastKnownFileType = sourcecode.c.objc; path = _LMTAnnotation.m; sourceTree = "<group>"; };
		605BAED21ADE8A8600030015 /* _LMTAuthor.h */ = {isa = PBXFileReference; fileEncoding = 4; lastKnownFileType = sourcecode.c.h; path = _LMTAuthor.h; sourceTree = "<group>"; };
		605BAED31ADE8A8600030015 /* _LMTAuthor.m */ = {isa = PBXFileReference; fileEncoding = 4; lastKnownFileType = sourcecode.c.objc; path = _LMTAuthor.m; sourceTree = "<group>"; };
		605BAED41ADE8A8600030015 /* _LMTBook.h */ = {isa = PBXFileReference; fileEncoding = 4; lastKnownFileType = sourcecode.c.h; path = _LMTBook.h; sourceTree = "<group>"; };
		605BAED51ADE8A8600030015 /* _LMTBook.m */ = {isa = PBXFileReference; fileEncoding = 4; lastKnownFileType = sourcecode.c.objc; path = _LMTBook.m; sourceTree = "<group>"; };
		605BAED61ADE8A8600030015 /* _LMTLocalization.h */ = {isa = PBXFileReference; fileEncoding = 4; lastKnownFileType = sourcecode.c.h; path = _LMTLocalization.h; sourceTree = "<group>"; };
		605BAED71ADE8A8600030015 /* _LMTLocalization.m */ = {isa = PBXFileReference; fileEncoding = 4; lastKnownFileType = sourcecode.c.objc; path = _LMTLocalization.m; sourceTree = "<group>"; };
		605BAED81ADE8A8600030015 /* _LMTPDF.h */ = {isa = PBXFileReference; fileEncoding = 4; lastKnownFileType = sourcecode.c.h; path = _LMTPDF.h; sourceTree = "<group>"; };
		605BAED91ADE8A8600030015 /* _LMTPDF.m */ = {isa = PBXFileReference; fileEncoding = 4; lastKnownFileType = sourcecode.c.objc; path = _LMTPDF.m; sourceTree = "<group>"; };
		605BAEDA1ADE8A8600030015 /* _LMTPhoto.h */ = {isa = PBXFileReference; fileEncoding = 4; lastKnownFileType = sourcecode.c.h; path = _LMTPhoto.h; sourceTree = "<group>"; };
		605BAEDB1ADE8A8600030015 /* _LMTPhoto.m */ = {isa = PBXFileReference; fileEncoding = 4; lastKnownFileType = sourcecode.c.objc; path = _LMTPhoto.m; sourceTree = "<group>"; };
		605BAEDC1ADE8A8600030015 /* _LMTTag.h */ = {isa = PBXFileReference; fileEncoding = 4; lastKnownFileType = sourcecode.c.h; path = _LMTTag.h; sourceTree = "<group>"; };
		605BAEDD1ADE8A8600030015 /* _LMTTag.m */ = {isa = PBXFileReference; fileEncoding = 4; lastKnownFileType = sourcecode.c.objc; path = _LMTTag.m; sourceTree = "<group>"; };
		605BAEE61ADE8AE000030015 /* LMTAnnotation.h */ = {isa = PBXFileReference; fileEncoding = 4; lastKnownFileType = sourcecode.c.h; path = LMTAnnotation.h; sourceTree = "<group>"; };
		605BAEE71ADE8AE000030015 /* LMTAnnotation.m */ = {isa = PBXFileReference; fileEncoding = 4; lastKnownFileType = sourcecode.c.objc; path = LMTAnnotation.m; sourceTree = "<group>"; };
		605BAEE81ADE8AE000030015 /* LMTAuthor.h */ = {isa = PBXFileReference; fileEncoding = 4; lastKnownFileType = sourcecode.c.h; path = LMTAuthor.h; sourceTree = "<group>"; };
		605BAEE91ADE8AE000030015 /* LMTAuthor.m */ = {isa = PBXFileReference; fileEncoding = 4; lastKnownFileType = sourcecode.c.objc; path = LMTAuthor.m; sourceTree = "<group>"; };
		605BAEEA1ADE8AE000030015 /* LMTLocalization.h */ = {isa = PBXFileReference; fileEncoding = 4; lastKnownFileType = sourcecode.c.h; path = LMTLocalization.h; sourceTree = "<group>"; };
		605BAEEB1ADE8AE000030015 /* LMTLocalization.m */ = {isa = PBXFileReference; fileEncoding = 4; lastKnownFileType = sourcecode.c.objc; path = LMTLocalization.m; sourceTree = "<group>"; };
		605BAEEC1ADE8AE000030015 /* LMTPDF.h */ = {isa = PBXFileReference; fileEncoding = 4; lastKnownFileType = sourcecode.c.h; path = LMTPDF.h; sourceTree = "<group>"; };
		605BAEED1ADE8AE000030015 /* LMTPDF.m */ = {isa = PBXFileReference; fileEncoding = 4; lastKnownFileType = sourcecode.c.objc; path = LMTPDF.m; sourceTree = "<group>"; };
		605BAEEE1ADE8AE000030015 /* LMTPhoto.h */ = {isa = PBXFileReference; fileEncoding = 4; lastKnownFileType = sourcecode.c.h; path = LMTPhoto.h; sourceTree = "<group>"; };
		605BAEEF1ADE8AE000030015 /* LMTPhoto.m */ = {isa = PBXFileReference; fileEncoding = 4; lastKnownFileType = sourcecode.c.objc; path = LMTPhoto.m; sourceTree = "<group>"; };
		605BAEF01ADE8AE000030015 /* LMTTag.h */ = {isa = PBXFileReference; fileEncoding = 4; lastKnownFileType = sourcecode.c.h; path = LMTTag.h; sourceTree = "<group>"; };
		605BAEF11ADE8AE000030015 /* LMTTag.m */ = {isa = PBXFileReference; fileEncoding = 4; lastKnownFileType = sourcecode.c.objc; path = LMTTag.m; sourceTree = "<group>"; };
		6071700A1AEC02FA0062AC9E /* LMTAnnotationViewController.h */ = {isa = PBXFileReference; fileEncoding = 4; lastKnownFileType = sourcecode.c.h; path = LMTAnnotationViewController.h; sourceTree = "<group>"; };
		6071700B1AEC02FA0062AC9E /* LMTAnnotationViewController.m */ = {isa = PBXFileReference; fileEncoding = 4; lastKnownFileType = sourcecode.c.objc; path = LMTAnnotationViewController.m; sourceTree = "<group>"; };
		6071700C1AEC02FA0062AC9E /* LMTAnnotationViewController.xib */ = {isa = PBXFileReference; fileEncoding = 4; lastKnownFileType = file.xib; path = LMTAnnotationViewController.xib; sourceTree = "<group>"; };
		607170151AEC1C530062AC9E /* LMTAnnotationsViewController.h */ = {isa = PBXFileReference; fileEncoding = 4; lastKnownFileType = sourcecode.c.h; path = LMTAnnotationsViewController.h; sourceTree = "<group>"; };
		607170161AEC1C530062AC9E /* LMTAnnotationsViewController.m */ = {isa = PBXFileReference; fileEncoding = 4; lastKnownFileType = sourcecode.c.objc; path = LMTAnnotationsViewController.m; sourceTree = "<group>"; };
		6085BE4D1AEC5495003F285A /* No_Image_Available.png */ = {isa = PBXFileReference; lastKnownFileType = image.png; path = No_Image_Available.png; sourceTree = "<group>"; };
		6085BE4F1AEC5896003F285A /* LMTPhotoViewController.h */ = {isa = PBXFileReference; fileEncoding = 4; lastKnownFileType = sourcecode.c.h; path = LMTPhotoViewController.h; sourceTree = "<group>"; };
		6085BE501AEC5896003F285A /* LMTPhotoViewController.m */ = {isa = PBXFileReference; fileEncoding = 4; lastKnownFileType = sourcecode.c.objc; path = LMTPhotoViewController.m; sourceTree = "<group>"; };
		6085BE511AEC5896003F285A /* LMTPhotoViewController.xib */ = {isa = PBXFileReference; fileEncoding = 4; lastKnownFileType = file.xib; path = LMTPhotoViewController.xib; sourceTree = "<group>"; };
		60BDED991ADC3C4B00F594D3 /* HackerBooks2.app */ = {isa = PBXFileReference; explicitFileType = wrapper.application; includeInIndex = 0; path = HackerBooks2.app; sourceTree = BUILT_PRODUCTS_DIR; };
		60BDED9D1ADC3C4B00F594D3 /* Info.plist */ = {isa = PBXFileReference; lastKnownFileType = text.plist.xml; path = Info.plist; sourceTree = "<group>"; };
		60BDED9E1ADC3C4B00F594D3 /* main.m */ = {isa = PBXFileReference; lastKnownFileType = sourcecode.c.objc; path = main.m; sourceTree = "<group>"; };
		60BDEDA01ADC3C4B00F594D3 /* AppDelegate.h */ = {isa = PBXFileReference; lastKnownFileType = sourcecode.c.h; path = AppDelegate.h; sourceTree = "<group>"; };
		60BDEDA11ADC3C4B00F594D3 /* AppDelegate.m */ = {isa = PBXFileReference; lastKnownFileType = sourcecode.c.objc; path = AppDelegate.m; sourceTree = "<group>"; };
		60BDEDA31ADC3C4B00F594D3 /* Images.xcassets */ = {isa = PBXFileReference; lastKnownFileType = folder.assetcatalog; path = Images.xcassets; sourceTree = "<group>"; };
		60BDEDA61ADC3C4B00F594D3 /* Base */ = {isa = PBXFileReference; lastKnownFileType = file.xib; name = Base; path = Base.lproj/LaunchScreen.xib; sourceTree = "<group>"; };
		60BDEDAC1ADC3C4B00F594D3 /* HackerBooks2Tests.xctest */ = {isa = PBXFileReference; explicitFileType = wrapper.cfbundle; includeInIndex = 0; path = HackerBooks2Tests.xctest; sourceTree = BUILT_PRODUCTS_DIR; };
		60BDEDB11ADC3C4B00F594D3 /* Info.plist */ = {isa = PBXFileReference; lastKnownFileType = text.plist.xml; path = Info.plist; sourceTree = "<group>"; };
		60BDEDB21ADC3C4B00F594D3 /* HackerBooks2Tests.m */ = {isa = PBXFileReference; lastKnownFileType = sourcecode.c.objc; path = HackerBooks2Tests.m; sourceTree = "<group>"; };
		60BDEDCB1ADC3C9F00F594D3 /* LMTBook.h */ = {isa = PBXFileReference; fileEncoding = 4; lastKnownFileType = sourcecode.c.h; path = LMTBook.h; sourceTree = "<group>"; };
		60BDEDCC1ADC3C9F00F594D3 /* LMTBook.m */ = {isa = PBXFileReference; fileEncoding = 4; lastKnownFileType = sourcecode.c.objc; path = LMTBook.m; sourceTree = "<group>"; };
		60BDEDCD1ADC3C9F00F594D3 /* LMTBookTableViewCell.h */ = {isa = PBXFileReference; fileEncoding = 4; lastKnownFileType = sourcecode.c.h; path = LMTBookTableViewCell.h; sourceTree = "<group>"; };
		60BDEDCE1ADC3C9F00F594D3 /* LMTBookTableViewCell.m */ = {isa = PBXFileReference; fileEncoding = 4; lastKnownFileType = sourcecode.c.objc; path = LMTBookTableViewCell.m; sourceTree = "<group>"; };
		60BDEDCF1ADC3C9F00F594D3 /* LMTBookTableViewCell.xib */ = {isa = PBXFileReference; fileEncoding = 4; lastKnownFileType = file.xib; path = LMTBookTableViewCell.xib; sourceTree = "<group>"; };
		60BDEDD61ADC3CB400F594D3 /* book_icon.png */ = {isa = PBXFileReference; lastKnownFileType = image.png; path = book_icon.png; sourceTree = "<group>"; };
		60C400651AE3BDB4008FC8A7 /* LMTSimplePDFViewController.h */ = {isa = PBXFileReference; fileEncoding = 4; lastKnownFileType = sourcecode.c.h; path = LMTSimplePDFViewController.h; sourceTree = "<group>"; };
		60C400661AE3BDB4008FC8A7 /* LMTSimplePDFViewController.m */ = {isa = PBXFileReference; fileEncoding = 4; lastKnownFileType = sourcecode.c.objc; path = LMTSimplePDFViewController.m; sourceTree = "<group>"; };
		60C400671AE3BDB4008FC8A7 /* LMTSimplePDFViewController.xib */ = {isa = PBXFileReference; fileEncoding = 4; lastKnownFileType = file.xib; path = LMTSimplePDFViewController.xib; sourceTree = "<group>"; };
/* End PBXFileReference section */

/* Begin PBXFrameworksBuildPhase section */
		60BDED961ADC3C4B00F594D3 /* Frameworks */ = {
			isa = PBXFrameworksBuildPhase;
			buildActionMask = 2147483647;
			files = (
			);
			runOnlyForDeploymentPostprocessing = 0;
		};
		60BDEDA91ADC3C4B00F594D3 /* Frameworks */ = {
			isa = PBXFrameworksBuildPhase;
			buildActionMask = 2147483647;
			files = (
			);
			runOnlyForDeploymentPostprocessing = 0;
		};
/* End PBXFrameworksBuildPhase section */

/* Begin PBXGroup section */
		605BAECF1ADE818600030015 /* CoreDataAddon */ = {
			isa = PBXGroup;
			children = (
				600AE7EF1AE2C6C60017C97F /* AGTCoreDataTableViewController.h */,
				600AE7F01AE2C6C60017C97F /* AGTCoreDataTableViewController.m */,
				605BAECC1ADE817B00030015 /* AGTCoreDataStack.h */,
				605BAECD1ADE817B00030015 /* AGTCoreDataStack.m */,
			);
			name = CoreDataAddon;
			sourceTree = "<group>";
		};
		605BAEE51ADE8A8F00030015 /* Machine */ = {
			isa = PBXGroup;
			children = (
				605BAED01ADE8A8600030015 /* _LMTAnnotation.h */,
				605BAED11ADE8A8600030015 /* _LMTAnnotation.m */,
				605BAED21ADE8A8600030015 /* _LMTAuthor.h */,
				605BAED31ADE8A8600030015 /* _LMTAuthor.m */,
				605BAED41ADE8A8600030015 /* _LMTBook.h */,
				605BAED51ADE8A8600030015 /* _LMTBook.m */,
				605BAED61ADE8A8600030015 /* _LMTLocalization.h */,
				605BAED71ADE8A8600030015 /* _LMTLocalization.m */,
				605BAED81ADE8A8600030015 /* _LMTPDF.h */,
				605BAED91ADE8A8600030015 /* _LMTPDF.m */,
				605BAEDA1ADE8A8600030015 /* _LMTPhoto.h */,
				605BAEDB1ADE8A8600030015 /* _LMTPhoto.m */,
				605BAEDC1ADE8A8600030015 /* _LMTTag.h */,
				605BAEDD1ADE8A8600030015 /* _LMTTag.m */,
			);
			name = Machine;
			sourceTree = "<group>";
		};
		60BDED901ADC3C4B00F594D3 = {
			isa = PBXGroup;
			children = (
				60BDED9B1ADC3C4B00F594D3 /* HackerBooks2 */,
				60BDEDAF1ADC3C4B00F594D3 /* HackerBooks2Tests */,
				60BDED9A1ADC3C4B00F594D3 /* Products */,
			);
			sourceTree = "<group>";
		};
		60BDED9A1ADC3C4B00F594D3 /* Products */ = {
			isa = PBXGroup;
			children = (
				60BDED991ADC3C4B00F594D3 /* HackerBooks2.app */,
				60BDEDAC1ADC3C4B00F594D3 /* HackerBooks2Tests.xctest */,
			);
			name = Products;
			sourceTree = "<group>";
		};
		60BDED9B1ADC3C4B00F594D3 /* HackerBooks2 */ = {
			isa = PBXGroup;
			children = (
				605BAECF1ADE818600030015 /* CoreDataAddon */,
				60BDEDD81ADC3CF400F594D3 /* Resources */,
				60BDEDD91ADC3D2000F594D3 /* Custom Cell */,
				60BDEDDA1ADC3D3B00F594D3 /* Models */,
				60BDEDDB1ADC3D4B00F594D3 /* Controllers */,
				60BDEDA01ADC3C4B00F594D3 /* AppDelegate.h */,
				60BDEDA11ADC3C4B00F594D3 /* AppDelegate.m */,
				60BDEDA31ADC3C4B00F594D3 /* Images.xcassets */,
				60BDEDA51ADC3C4B00F594D3 /* LaunchScreen.xib */,
				60BDED9C1ADC3C4B00F594D3 /* Supporting Files */,
			);
			path = HackerBooks2;
			sourceTree = "<group>";
		};
		60BDED9C1ADC3C4B00F594D3 /* Supporting Files */ = {
			isa = PBXGroup;
			children = (
				60BDED9D1ADC3C4B00F594D3 /* Info.plist */,
				60BDED9E1ADC3C4B00F594D3 /* main.m */,
			);
			name = "Supporting Files";
			sourceTree = "<group>";
		};
		60BDEDAF1ADC3C4B00F594D3 /* HackerBooks2Tests */ = {
			isa = PBXGroup;
			children = (
				60BDEDB21ADC3C4B00F594D3 /* HackerBooks2Tests.m */,
				60BDEDB01ADC3C4B00F594D3 /* Supporting Files */,
			);
			path = HackerBooks2Tests;
			sourceTree = "<group>";
		};
		60BDEDB01ADC3C4B00F594D3 /* Supporting Files */ = {
			isa = PBXGroup;
			children = (
				60BDEDB11ADC3C4B00F594D3 /* Info.plist */,
			);
			name = "Supporting Files";
			sourceTree = "<group>";
		};
		60BDEDD81ADC3CF400F594D3 /* Resources */ = {
			isa = PBXGroup;
			children = (
				6085BE4D1AEC5495003F285A /* No_Image_Available.png */,
				60BDEDD61ADC3CB400F594D3 /* book_icon.png */,
			);
			name = Resources;
			sourceTree = "<group>";
		};
		60BDEDD91ADC3D2000F594D3 /* Custom Cell */ = {
			isa = PBXGroup;
			children = (
				60BDEDCD1ADC3C9F00F594D3 /* LMTBookTableViewCell.h */,
				60BDEDCE1ADC3C9F00F594D3 /* LMTBookTableViewCell.m */,
				60BDEDCF1ADC3C9F00F594D3 /* LMTBookTableViewCell.xib */,
			);
			name = "Custom Cell";
			sourceTree = "<group>";
		};
		60BDEDDA1ADC3D3B00F594D3 /* Models */ = {
			isa = PBXGroup;
			children = (
				605BAEE51ADE8A8F00030015 /* Machine */,
				605BAEE61ADE8AE000030015 /* LMTAnnotation.h */,
				605BAEE71ADE8AE000030015 /* LMTAnnotation.m */,
				605BAEE81ADE8AE000030015 /* LMTAuthor.h */,
				605BAEE91ADE8AE000030015 /* LMTAuthor.m */,
				605BAEEA1ADE8AE000030015 /* LMTLocalization.h */,
				605BAEEB1ADE8AE000030015 /* LMTLocalization.m */,
				605BAEEC1ADE8AE000030015 /* LMTPDF.h */,
				605BAEED1ADE8AE000030015 /* LMTPDF.m */,
				605BAEEE1ADE8AE000030015 /* LMTPhoto.h */,
				605BAEEF1ADE8AE000030015 /* LMTPhoto.m */,
				605BAEF01ADE8AE000030015 /* LMTTag.h */,
				605BAEF11ADE8AE000030015 /* LMTTag.m */,
				60BDEDCB1ADC3C9F00F594D3 /* LMTBook.h */,
				60BDEDCC1ADC3C9F00F594D3 /* LMTBook.m */,
				605BAEC91ADE56E200030015 /* Model.xcdatamodeld */,
			);
			name = Models;
			sourceTree = "<group>";
		};
		60BDEDDB1ADC3D4B00F594D3 /* Controllers */ = {
			isa = PBXGroup;
			children = (
				60C400651AE3BDB4008FC8A7 /* LMTSimplePDFViewController.h */,
				60C400661AE3BDB4008FC8A7 /* LMTSimplePDFViewController.m */,
				60C400671AE3BDB4008FC8A7 /* LMTSimplePDFViewController.xib */,
				600AE8051AE30C040017C97F /* LMTBookViewController.h */,
				600AE8061AE30C040017C97F /* LMTBookViewController.m */,
				600AE8071AE30C040017C97F /* LMTBookViewController.xib */,
				600AE8081AE30C040017C97F /* LMTBookViewControlleriPhone.xib */,
				600AE7F21AE2C8820017C97F /* LMTBooksTableViewController.h */,
				600AE7F31AE2C8820017C97F /* LMTBooksTableViewController.m */,
				607170151AEC1C530062AC9E /* LMTAnnotationsViewController.h */,
				607170161AEC1C530062AC9E /* LMTAnnotationsViewController.m */,
				6071700A1AEC02FA0062AC9E /* LMTAnnotationViewController.h */,
				6071700B1AEC02FA0062AC9E /* LMTAnnotationViewController.m */,
				6071700C1AEC02FA0062AC9E /* LMTAnnotationViewController.xib */,
				6085BE4F1AEC5896003F285A /* LMTPhotoViewController.h */,
				6085BE501AEC5896003F285A /* LMTPhotoViewController.m */,
				6085BE511AEC5896003F285A /* LMTPhotoViewController.xib */,
			);
			name = Controllers;
			sourceTree = "<group>";
		};
/* End PBXGroup section */

/* Begin PBXNativeTarget section */
		60BDED981ADC3C4B00F594D3 /* HackerBooks2 */ = {
			isa = PBXNativeTarget;
			buildConfigurationList = 60BDEDB61ADC3C4B00F594D3 /* Build configuration list for PBXNativeTarget "HackerBooks2" */;
			buildPhases = (
				60BDED951ADC3C4B00F594D3 /* Sources */,
				60BDED961ADC3C4B00F594D3 /* Frameworks */,
				60BDED971ADC3C4B00F594D3 /* Resources */,
			);
			buildRules = (
			);
			dependencies = (
			);
			name = HackerBooks2;
			productName = HackerBooks2;
			productReference = 60BDED991ADC3C4B00F594D3 /* HackerBooks2.app */;
			productType = "com.apple.product-type.application";
		};
		60BDEDAB1ADC3C4B00F594D3 /* HackerBooks2Tests */ = {
			isa = PBXNativeTarget;
			buildConfigurationList = 60BDEDB91ADC3C4B00F594D3 /* Build configuration list for PBXNativeTarget "HackerBooks2Tests" */;
			buildPhases = (
				60BDEDA81ADC3C4B00F594D3 /* Sources */,
				60BDEDA91ADC3C4B00F594D3 /* Frameworks */,
				60BDEDAA1ADC3C4B00F594D3 /* Resources */,
			);
			buildRules = (
			);
			dependencies = (
				60BDEDAE1ADC3C4B00F594D3 /* PBXTargetDependency */,
			);
			name = HackerBooks2Tests;
			productName = HackerBooks2Tests;
			productReference = 60BDEDAC1ADC3C4B00F594D3 /* HackerBooks2Tests.xctest */;
			productType = "com.apple.product-type.bundle.unit-test";
		};
/* End PBXNativeTarget section */

/* Begin PBXProject section */
		60BDED911ADC3C4B00F594D3 /* Project object */ = {
			isa = PBXProject;
			attributes = {
				LastUpgradeCheck = 0620;
				ORGANIZATIONNAME = "Luis M Tolosana Simon";
				TargetAttributes = {
					60BDED981ADC3C4B00F594D3 = {
						CreatedOnToolsVersion = 6.2;
					};
					60BDEDAB1ADC3C4B00F594D3 = {
						CreatedOnToolsVersion = 6.2;
						TestTargetID = 60BDED981ADC3C4B00F594D3;
					};
				};
			};
			buildConfigurationList = 60BDED941ADC3C4B00F594D3 /* Build configuration list for PBXProject "HackerBooks2" */;
			compatibilityVersion = "Xcode 3.2";
			developmentRegion = English;
			hasScannedForEncodings = 0;
			knownRegions = (
				en,
				Base,
			);
			mainGroup = 60BDED901ADC3C4B00F594D3;
			productRefGroup = 60BDED9A1ADC3C4B00F594D3 /* Products */;
			projectDirPath = "";
			projectRoot = "";
			targets = (
				60BDED981ADC3C4B00F594D3 /* HackerBooks2 */,
				60BDEDAB1ADC3C4B00F594D3 /* HackerBooks2Tests */,
			);
		};
/* End PBXProject section */

/* Begin PBXResourcesBuildPhase section */
		60BDED971ADC3C4B00F594D3 /* Resources */ = {
			isa = PBXResourcesBuildPhase;
			buildActionMask = 2147483647;
			files = (
				60BDEDD71ADC3CB400F594D3 /* book_icon.png in Resources */,
				60BDEDD41ADC3C9F00F594D3 /* LMTBookTableViewCell.xib in Resources */,
				60C400691AE3BDB4008FC8A7 /* LMTSimplePDFViewController.xib in Resources */,
				6085BE531AEC5896003F285A /* LMTPhotoViewController.xib in Resources */,
				600AE80B1AE30C040017C97F /* LMTBookViewControlleriPhone.xib in Resources */,
				60BDEDA71ADC3C4B00F594D3 /* LaunchScreen.xib in Resources */,
				6085BE4E1AEC5495003F285A /* No_Image_Available.png in Resources */,
				600AE80A1AE30C040017C97F /* LMTBookViewController.xib in Resources */,
				6071700E1AEC02FA0062AC9E /* LMTAnnotationViewController.xib in Resources */,
				60BDEDA41ADC3C4B00F594D3 /* Images.xcassets in Resources */,
			);
			runOnlyForDeploymentPostprocessing = 0;
		};
		60BDEDAA1ADC3C4B00F594D3 /* Resources */ = {
			isa = PBXResourcesBuildPhase;
			buildActionMask = 2147483647;
			files = (
			);
			runOnlyForDeploymentPostprocessing = 0;
		};
/* End PBXResourcesBuildPhase section */

/* Begin PBXSourcesBuildPhase section */
		60BDED951ADC3C4B00F594D3 /* Sources */ = {
			isa = PBXSourcesBuildPhase;
			buildActionMask = 2147483647;
			files = (
				60BDEDA21ADC3C4B00F594D3 /* AppDelegate.m in Sources */,
				605BAEF21ADE8AE000030015 /* LMTAnnotation.m in Sources */,
				600AE7F41AE2C8820017C97F /* LMTBooksTableViewController.m in Sources */,
				605BAEF51ADE8AE000030015 /* LMTPDF.m in Sources */,
				60BDED9F1ADC3C4B00F594D3 /* main.m in Sources */,
				600AE8091AE30C040017C97F /* LMTBookViewController.m in Sources */,
				605BAEF31ADE8AE000030015 /* LMTAuthor.m in Sources */,
				605BAEE11ADE8A8600030015 /* _LMTLocalization.m in Sources */,
				605BAEF61ADE8AE000030015 /* LMTPhoto.m in Sources */,
				605BAEDE1ADE8A8600030015 /* _LMTAnnotation.m in Sources */,
				605BAEE21ADE8A8600030015 /* _LMTPDF.m in Sources */,
				6071700D1AEC02FA0062AC9E /* LMTAnnotationViewController.m in Sources */,
				605BAECB1ADE56E200030015 /* Model.xcdatamodeld in Sources */,
				600AE7F11AE2C6C60017C97F /* AGTCoreDataTableViewController.m in Sources */,
				605BAECE1ADE817B00030015 /* AGTCoreDataStack.m in Sources */,
				60BDEDD21ADC3C9F00F594D3 /* LMTBook.m in Sources */,
				60BDEDD31ADC3C9F00F594D3 /* LMTBookTableViewCell.m in Sources */,
				6085BE521AEC5896003F285A /* LMTPhotoViewController.m in Sources */,
				605BAEF71ADE8AE000030015 /* LMTTag.m in Sources */,
				605BAEE31ADE8A8600030015 /* _LMTPhoto.m in Sources */,
				605BAEE01ADE8A8600030015 /* _LMTBook.m in Sources */,
				605BAEE41ADE8A8600030015 /* _LMTTag.m in Sources */,
				605BAEDF1ADE8A8600030015 /* _LMTAuthor.m in Sources */,
				60C400681AE3BDB4008FC8A7 /* LMTSimplePDFViewController.m in Sources */,
				605BAEF41ADE8AE000030015 /* LMTLocalization.m in Sources */,
				607170171AEC1C530062AC9E /* LMTAnnotationsViewController.m in Sources */,
			);
			runOnlyForDeploymentPostprocessing = 0;
		};
		60BDEDA81ADC3C4B00F594D3 /* Sources */ = {
			isa = PBXSourcesBuildPhase;
			buildActionMask = 2147483647;
			files = (
				60BDEDB31ADC3C4B00F594D3 /* HackerBooks2Tests.m in Sources */,
			);
			runOnlyForDeploymentPostprocessing = 0;
		};
/* End PBXSourcesBuildPhase section */

/* Begin PBXTargetDependency section */
		60BDEDAE1ADC3C4B00F594D3 /* PBXTargetDependency */ = {
			isa = PBXTargetDependency;
			target = 60BDED981ADC3C4B00F594D3 /* HackerBooks2 */;
			targetProxy = 60BDEDAD1ADC3C4B00F594D3 /* PBXContainerItemProxy */;
		};
/* End PBXTargetDependency section */

/* Begin PBXVariantGroup section */
		60BDEDA51ADC3C4B00F594D3 /* LaunchScreen.xib */ = {
			isa = PBXVariantGroup;
			children = (
				60BDEDA61ADC3C4B00F594D3 /* Base */,
			);
			name = LaunchScreen.xib;
			sourceTree = "<group>";
		};
/* End PBXVariantGroup section */

/* Begin XCBuildConfiguration section */
		60BDEDB41ADC3C4B00F594D3 /* Debug */ = {
			isa = XCBuildConfiguration;
			buildSettings = {
				ALWAYS_SEARCH_USER_PATHS = NO;
				CLANG_CXX_LANGUAGE_STANDARD = "gnu++0x";
				CLANG_CXX_LIBRARY = "libc++";
				CLANG_ENABLE_MODULES = YES;
				CLANG_ENABLE_OBJC_ARC = YES;
				CLANG_WARN_BOOL_CONVERSION = YES;
				CLANG_WARN_CONSTANT_CONVERSION = YES;
				CLANG_WARN_DIRECT_OBJC_ISA_USAGE = YES_ERROR;
				CLANG_WARN_EMPTY_BODY = YES;
				CLANG_WARN_ENUM_CONVERSION = YES;
				CLANG_WARN_INT_CONVERSION = YES;
				CLANG_WARN_OBJC_ROOT_CLASS = YES_ERROR;
				CLANG_WARN_UNREACHABLE_CODE = YES;
				CLANG_WARN__DUPLICATE_METHOD_MATCH = YES;
				"CODE_SIGN_IDENTITY[sdk=iphoneos*]" = "iPhone Developer";
				COPY_PHASE_STRIP = NO;
				ENABLE_STRICT_OBJC_MSGSEND = YES;
				GCC_C_LANGUAGE_STANDARD = gnu99;
				GCC_DYNAMIC_NO_PIC = NO;
				GCC_OPTIMIZATION_LEVEL = 0;
				GCC_PREPROCESSOR_DEFINITIONS = (
					"DEBUG=1",
					"$(inherited)",
				);
				GCC_SYMBOLS_PRIVATE_EXTERN = NO;
				GCC_WARN_64_TO_32_BIT_CONVERSION = YES;
				GCC_WARN_ABOUT_RETURN_TYPE = YES_ERROR;
				GCC_WARN_UNDECLARED_SELECTOR = YES;
				GCC_WARN_UNINITIALIZED_AUTOS = YES_AGGRESSIVE;
				GCC_WARN_UNUSED_FUNCTION = YES;
				GCC_WARN_UNUSED_VARIABLE = YES;
				IPHONEOS_DEPLOYMENT_TARGET = 8.2;
				MTL_ENABLE_DEBUG_INFO = YES;
				ONLY_ACTIVE_ARCH = YES;
				SDKROOT = iphoneos;
				TARGETED_DEVICE_FAMILY = "1,2";
			};
			name = Debug;
		};
		60BDEDB51ADC3C4B00F594D3 /* Release */ = {
			isa = XCBuildConfiguration;
			buildSettings = {
				ALWAYS_SEARCH_USER_PATHS = NO;
				CLANG_CXX_LANGUAGE_STANDARD = "gnu++0x";
				CLANG_CXX_LIBRARY = "libc++";
				CLANG_ENABLE_MODULES = YES;
				CLANG_ENABLE_OBJC_ARC = YES;
				CLANG_WARN_BOOL_CONVERSION = YES;
				CLANG_WARN_CONSTANT_CONVERSION = YES;
				CLANG_WARN_DIRECT_OBJC_ISA_USAGE = YES_ERROR;
				CLANG_WARN_EMPTY_BODY = YES;
				CLANG_WARN_ENUM_CONVERSION = YES;
				CLANG_WARN_INT_CONVERSION = YES;
				CLANG_WARN_OBJC_ROOT_CLASS = YES_ERROR;
				CLANG_WARN_UNREACHABLE_CODE = YES;
				CLANG_WARN__DUPLICATE_METHOD_MATCH = YES;
				"CODE_SIGN_IDENTITY[sdk=iphoneos*]" = "iPhone Developer";
				COPY_PHASE_STRIP = NO;
				ENABLE_NS_ASSERTIONS = NO;
				ENABLE_STRICT_OBJC_MSGSEND = YES;
				GCC_C_LANGUAGE_STANDARD = gnu99;
				GCC_WARN_64_TO_32_BIT_CONVERSION = YES;
				GCC_WARN_ABOUT_RETURN_TYPE = YES_ERROR;
				GCC_WARN_UNDECLARED_SELECTOR = YES;
				GCC_WARN_UNINITIALIZED_AUTOS = YES_AGGRESSIVE;
				GCC_WARN_UNUSED_FUNCTION = YES;
				GCC_WARN_UNUSED_VARIABLE = YES;
				IPHONEOS_DEPLOYMENT_TARGET = 8.2;
				MTL_ENABLE_DEBUG_INFO = NO;
				SDKROOT = iphoneos;
				TARGETED_DEVICE_FAMILY = "1,2";
				VALIDATE_PRODUCT = YES;
			};
			name = Release;
		};
		60BDEDB71ADC3C4B00F594D3 /* Debug */ = {
			isa = XCBuildConfiguration;
			buildSettings = {
				ASSETCATALOG_COMPILER_APPICON_NAME = AppIcon;
				INFOPLIST_FILE = HackerBooks2/Info.plist;
				LD_RUNPATH_SEARCH_PATHS = "$(inherited) @executable_path/Frameworks";
				PRODUCT_NAME = "$(TARGET_NAME)";
			};
			name = Debug;
		};
		60BDEDB81ADC3C4B00F594D3 /* Release */ = {
			isa = XCBuildConfiguration;
			buildSettings = {
				ASSETCATALOG_COMPILER_APPICON_NAME = AppIcon;
				INFOPLIST_FILE = HackerBooks2/Info.plist;
				LD_RUNPATH_SEARCH_PATHS = "$(inherited) @executable_path/Frameworks";
				PRODUCT_NAME = "$(TARGET_NAME)";
			};
			name = Release;
		};
		60BDEDBA1ADC3C4B00F594D3 /* Debug */ = {
			isa = XCBuildConfiguration;
			buildSettings = {
				BUNDLE_LOADER = "$(TEST_HOST)";
				FRAMEWORK_SEARCH_PATHS = (
					"$(SDKROOT)/Developer/Library/Frameworks",
					"$(inherited)",
				);
				GCC_PREPROCESSOR_DEFINITIONS = (
					"DEBUG=1",
					"$(inherited)",
				);
				INFOPLIST_FILE = HackerBooks2Tests/Info.plist;
				LD_RUNPATH_SEARCH_PATHS = "$(inherited) @executable_path/Frameworks @loader_path/Frameworks";
				PRODUCT_NAME = "$(TARGET_NAME)";
				TEST_HOST = "$(BUILT_PRODUCTS_DIR)/HackerBooks2.app/HackerBooks2";
			};
			name = Debug;
		};
		60BDEDBB1ADC3C4B00F594D3 /* Release */ = {
			isa = XCBuildConfiguration;
			buildSettings = {
				BUNDLE_LOADER = "$(TEST_HOST)";
				FRAMEWORK_SEARCH_PATHS = (
					"$(SDKROOT)/Developer/Library/Frameworks",
					"$(inherited)",
				);
				INFOPLIST_FILE = HackerBooks2Tests/Info.plist;
				LD_RUNPATH_SEARCH_PATHS = "$(inherited) @executable_path/Frameworks @loader_path/Frameworks";
				PRODUCT_NAME = "$(TARGET_NAME)";
				TEST_HOST = "$(BUILT_PRODUCTS_DIR)/HackerBooks2.app/HackerBooks2";
			};
			name = Release;
		};
/* End XCBuildConfiguration section */

/* Begin XCConfigurationList section */
		60BDED941ADC3C4B00F594D3 /* Build configuration list for PBXProject "HackerBooks2" */ = {
			isa = XCConfigurationList;
			buildConfigurations = (
				60BDEDB41ADC3C4B00F594D3 /* Debug */,
				60BDEDB51ADC3C4B00F594D3 /* Release */,
			);
			defaultConfigurationIsVisible = 0;
			defaultConfigurationName = Release;
		};
		60BDEDB61ADC3C4B00F594D3 /* Build configuration list for PBXNativeTarget "HackerBooks2" */ = {
			isa = XCConfigurationList;
			buildConfigurations = (
				60BDEDB71ADC3C4B00F594D3 /* Debug */,
				60BDEDB81ADC3C4B00F594D3 /* Release */,
			);
			defaultConfigurationIsVisible = 0;
			defaultConfigurationName = Release;
		};
		60BDEDB91ADC3C4B00F594D3 /* Build configuration list for PBXNativeTarget "HackerBooks2Tests" */ = {
			isa = XCConfigurationList;
			buildConfigurations = (
				60BDEDBA1ADC3C4B00F594D3 /* Debug */,
				60BDEDBB1ADC3C4B00F594D3 /* Release */,
			);
			defaultConfigurationIsVisible = 0;
			defaultConfigurationName = Release;
		};
/* End XCConfigurationList section */

/* Begin XCVersionGroup section */
		605BAEC91ADE56E200030015 /* Model.xcdatamodeld */ = {
			isa = XCVersionGroup;
			children = (
				605BAECA1ADE56E200030015 /* Model.xcdatamodel */,
			);
			currentVersion = 605BAECA1ADE56E200030015 /* Model.xcdatamodel */;
			path = Model.xcdatamodeld;
			sourceTree = "<group>";
			versionGroupType = wrapper.xcdatamodel;
		};
/* End XCVersionGroup section */
	};
	rootObject = 60BDED911ADC3C4B00F594D3 /* Project object */;
}
